
Microsoft Visual Studio Solution File, Format Version 12.00
# Visual Studio 15
VisualStudioVersion = 15.0.26730.10
MinimumVisualStudioVersion = 10.0.40219.1
Project("{9A19103F-16F7-4668-BE54-9A1E7A4F7556}") = "LookToLog", "LookToLog.csproj", "{C86BE8ED-28A2-47BB-8A43-2458BDD73329}"
EndProject
Global
	GlobalSection(SolutionConfigurationPlatforms) = preSolution
		Debug|Any CPU = Debug|Any CPU
		Release|Any CPU = Release|Any CPU
	EndGlobalSection
	GlobalSection(ProjectConfigurationPlatforms) = postSolution
		{C86BE8ED-28A2-47BB-8A43-2458BDD73329}.Debug|Any CPU.ActiveCfg = Debug|Any CPU
		{C86BE8ED-28A2-47BB-8A43-2458BDD73329}.Debug|Any CPU.Build.0 = Debug|Any CPU
		{C86BE8ED-28A2-47BB-8A43-2458BDD73329}.Release|Any CPU.ActiveCfg = Release|Any CPU
		{C86BE8ED-28A2-47BB-8A43-2458BDD73329}.Release|Any CPU.Build.0 = Release|Any CPU
	EndGlobalSection
	GlobalSection(SolutionProperties) = preSolution
		HideSolutionNode = FALSE
	EndGlobalSection
	GlobalSection(ExtensibilityGlobals) = postSolution
		SolutionGuid = {BAAB9DF0-4381-4096-99AE-CB266BE65F9D}
	EndGlobalSection
EndGlobal
